// !$*UTF8*$!
{
	archiveVersion = 1;
	classes = {
	};
	objectVersion = 50;
	objects = {

/* Begin PBXBuildFile section */
		3B4625C02108517400BD2468 /* AppDelegate.m in Sources */ = {isa = PBXBuildFile; fileRef = 3B4625BF2108517400BD2468 /* AppDelegate.m */; };
		3B4625C22108517700BD2468 /* Assets.xcassets in Resources */ = {isa = PBXBuildFile; fileRef = 3B4625C12108517700BD2468 /* Assets.xcassets */; };
		3B4625C52108517700BD2468 /* MainMenu.xib in Resources */ = {isa = PBXBuildFile; fileRef = 3B4625C32108517700BD2468 /* MainMenu.xib */; };
		3B4625C82108517700BD2468 /* main.m in Sources */ = {isa = PBXBuildFile; fileRef = 3B4625C72108517700BD2468 /* main.m */; };
		3B4625D1210851B400BD2468 /* AsciiWindow.m in Sources */ = {isa = PBXBuildFile; fileRef = 3B4625CF210851B400BD2468 /* AsciiWindow.m */; };
		3B4625D4210851BE00BD2468 /* Pixel.m in Sources */ = {isa = PBXBuildFile; fileRef = 3B4625D2210851BE00BD2468 /* Pixel.m */; };
		3BBA220D2108575F00FEE2DD /* en.lproj in Resources */ = {isa = PBXBuildFile; fileRef = 3BBA220C2108575F00FEE2DD /* en.lproj */; };
/* End PBXBuildFile section */

/* Begin PBXFileReference section */
		3B4625BB2108517400BD2468 /* ASCII.app */ = {isa = PBXFileReference; explicitFileType = wrapper.application; includeInIndex = 0; path = ASCII.app; sourceTree = BUILT_PRODUCTS_DIR; };
		3B4625BE2108517400BD2468 /* AppDelegate.h */ = {isa = PBXFileReference; lastKnownFileType = sourcecode.c.h; path = AppDelegate.h; sourceTree = "<group>"; };
		3B4625BF2108517400BD2468 /* AppDelegate.m */ = {isa = PBXFileReference; lastKnownFileType = sourcecode.c.objc; path = AppDelegate.m; sourceTree = "<group>"; };
		3B4625C12108517700BD2468 /* Assets.xcassets */ = {isa = PBXFileReference; lastKnownFileType = folder.assetcatalog; name = Assets.xcassets; path = /Users/smitty/OneDrive/Programming/Ascii/Assets.xcassets; sourceTree = "<absolute>"; };
		3B4625C42108517700BD2468 /* Base */ = {isa = PBXFileReference; lastKnownFileType = file.xib; name = Base; path = Base.lproj/MainMenu.xib; sourceTree = "<group>"; };
		3B4625C62108517700BD2468 /* Info.plist */ = {isa = PBXFileReference; lastKnownFileType = text.plist.xml; path = Info.plist; sourceTree = "<group>"; };
		3B4625C72108517700BD2468 /* main.m */ = {isa = PBXFileReference; lastKnownFileType = sourcecode.c.objc; path = main.m; sourceTree = "<group>"; };
		3B4625CF210851B400BD2468 /* AsciiWindow.m */ = {isa = PBXFileReference; fileEncoding = 4; lastKnownFileType = sourcecode.c.objc; path = AsciiWindow.m; sourceTree = "<group>"; };
		3B4625D0210851B400BD2468 /* AsciiWindow.h */ = {isa = PBXFileReference; fileEncoding = 4; lastKnownFileType = sourcecode.c.h; path = AsciiWindow.h; sourceTree = "<group>"; };
		3B4625D2210851BE00BD2468 /* Pixel.m */ = {isa = PBXFileReference; fileEncoding = 4; lastKnownFileType = sourcecode.c.objc; path = Pixel.m; sourceTree = "<group>"; };
		3B4625D3210851BE00BD2468 /* Pixel.h */ = {isa = PBXFileReference; fileEncoding = 4; lastKnownFileType = sourcecode.c.h; path = Pixel.h; sourceTree = "<group>"; };
		3BBA220C2108575F00FEE2DD /* en.lproj */ = {isa = PBXFileReference; lastKnownFileType = folder; name = en.lproj; path = Entities/en.lproj; sourceTree = SOURCE_ROOT; };
/* End PBXFileReference section */

/* Begin PBXFrameworksBuildPhase section */
		3B4625B82108517400BD2468 /* Frameworks */ = {
			isa = PBXFrameworksBuildPhase;
			buildActionMask = 2147483647;
			files = (
			);
			runOnlyForDeploymentPostprocessing = 0;
		};
/* End PBXFrameworksBuildPhase section */

/* Begin PBXGroup section */
		3B4625B22108517400BD2468 = {
			isa = PBXGroup;
			children = (
				3B4625BD2108517400BD2468 /* ASCII Source */,
				3B4625D6210851E900BD2468 /* Entities */,
				3B4625D5210851CE00BD2468 /* Misc Files */,
				3B4625BC2108517400BD2468 /* Products */,
			);
			sourceTree = "<group>";
		};
		3B4625BC2108517400BD2468 /* Products */ = {
			isa = PBXGroup;
			children = (
				3B4625BB2108517400BD2468 /* ASCII.app */,
			);
			name = Products;
			sourceTree = "<group>";
		};
		3B4625BD2108517400BD2468 /* ASCII Source */ = {
			isa = PBXGroup;
			children = (
				3B4625BE2108517400BD2468 /* AppDelegate.h */,
				3B4625BF2108517400BD2468 /* AppDelegate.m */,
				3B4625D0210851B400BD2468 /* AsciiWindow.h */,
				3B4625CF210851B400BD2468 /* AsciiWindow.m */,
				3B4625D3210851BE00BD2468 /* Pixel.h */,
				3B4625D2210851BE00BD2468 /* Pixel.m */,
			);
			path = "ASCII Source";
			sourceTree = "<group>";
		};
		3B4625D5210851CE00BD2468 /* Misc Files */ = {
			isa = PBXGroup;
			children = (
				3B4625C62108517700BD2468 /* Info.plist */,
				3B4625C72108517700BD2468 /* main.m */,
				3BBA220C2108575F00FEE2DD /* en.lproj */,
			);
			path = "Misc Files";
			sourceTree = "<group>";
		};
		3B4625D6210851E900BD2468 /* Entities */ = {
			isa = PBXGroup;
			children = (
				3B4625C12108517700BD2468 /* Assets.xcassets */,
				3B4625C32108517700BD2468 /* MainMenu.xib */,
			);
			path = Entities;
			sourceTree = "<group>";
		};
/* End PBXGroup section */

/* Begin PBXNativeTarget section */
		3B4625BA2108517400BD2468 /* ASCII */ = {
			isa = PBXNativeTarget;
			buildConfigurationList = 3B4625CC2108517700BD2468 /* Build configuration list for PBXNativeTarget "ASCII" */;
			buildPhases = (
				3B4625B72108517400BD2468 /* Sources */,
				3B4625B82108517400BD2468 /* Frameworks */,
				3B4625B92108517400BD2468 /* Resources */,
			);
			buildRules = (
			);
			dependencies = (
			);
			name = ASCII;
			productName = ASCII;
			productReference = 3B4625BB2108517400BD2468 /* ASCII.app */;
			productType = "com.apple.product-type.application";
		};
/* End PBXNativeTarget section */

/* Begin PBXProject section */
		3B4625B32108517400BD2468 /* Project object */ = {
			isa = PBXProject;
			attributes = {
				LastUpgradeCheck = 1130;
				ORGANIZATIONNAME = "Tony Smith";
				TargetAttributes = {
					3B4625BA2108517400BD2468 = {
						CreatedOnToolsVersion = 9.4.1;
						SystemCapabilities = {
							com.apple.Sandbox = {
								enabled = 0;
							};
						};
					};
				};
			};
			buildConfigurationList = 3B4625B62108517400BD2468 /* Build configuration list for PBXProject "ASCII" */;
			compatibilityVersion = "Xcode 9.3";
			developmentRegion = en;
			hasScannedForEncodings = 0;
			knownRegions = (
				en,
				Base,
			);
			mainGroup = 3B4625B22108517400BD2468;
			productRefGroup = 3B4625BC2108517400BD2468 /* Products */;
			projectDirPath = "";
			projectRoot = "";
			targets = (
				3B4625BA2108517400BD2468 /* ASCII */,
			);
		};
/* End PBXProject section */

/* Begin PBXResourcesBuildPhase section */
		3B4625B92108517400BD2468 /* Resources */ = {
			isa = PBXResourcesBuildPhase;
			buildActionMask = 2147483647;
			files = (
				3B4625C22108517700BD2468 /* Assets.xcassets in Resources */,
				3BBA220D2108575F00FEE2DD /* en.lproj in Resources */,
				3B4625C52108517700BD2468 /* MainMenu.xib in Resources */,
			);
			runOnlyForDeploymentPostprocessing = 0;
		};
/* End PBXResourcesBuildPhase section */

/* Begin PBXSourcesBuildPhase section */
		3B4625B72108517400BD2468 /* Sources */ = {
			isa = PBXSourcesBuildPhase;
			buildActionMask = 2147483647;
			files = (
				3B4625C82108517700BD2468 /* main.m in Sources */,
				3B4625C02108517400BD2468 /* AppDelegate.m in Sources */,
				3B4625D1210851B400BD2468 /* AsciiWindow.m in Sources */,
				3B4625D4210851BE00BD2468 /* Pixel.m in Sources */,
			);
			runOnlyForDeploymentPostprocessing = 0;
		};
/* End PBXSourcesBuildPhase section */

/* Begin PBXVariantGroup section */
		3B4625C32108517700BD2468 /* MainMenu.xib */ = {
			isa = PBXVariantGroup;
			children = (
				3B4625C42108517700BD2468 /* Base */,
			);
			name = MainMenu.xib;
			sourceTree = "<group>";
		};
/* End PBXVariantGroup section */

/* Begin XCBuildConfiguration section */
		3B4625CA2108517700BD2468 /* Debug */ = {
			isa = XCBuildConfiguration;
			buildSettings = {
				ALWAYS_SEARCH_USER_PATHS = NO;
				CLANG_ANALYZER_NONNULL = YES;
				CLANG_ANALYZER_NUMBER_OBJECT_CONVERSION = YES_AGGRESSIVE;
				CLANG_CXX_LANGUAGE_STANDARD = "gnu++14";
				CLANG_CXX_LIBRARY = "libc++";
				CLANG_ENABLE_MODULES = YES;
				CLANG_ENABLE_OBJC_ARC = YES;
				CLANG_ENABLE_OBJC_WEAK = YES;
				CLANG_WARN_BLOCK_CAPTURE_AUTORELEASING = YES;
				CLANG_WARN_BOOL_CONVERSION = YES;
				CLANG_WARN_COMMA = YES;
				CLANG_WARN_CONSTANT_CONVERSION = YES;
				CLANG_WARN_DEPRECATED_OBJC_IMPLEMENTATIONS = YES;
				CLANG_WARN_DIRECT_OBJC_ISA_USAGE = YES_ERROR;
				CLANG_WARN_DOCUMENTATION_COMMENTS = YES;
				CLANG_WARN_EMPTY_BODY = YES;
				CLANG_WARN_ENUM_CONVERSION = YES;
				CLANG_WARN_INFINITE_RECURSION = YES;
				CLANG_WARN_INT_CONVERSION = YES;
				CLANG_WARN_NON_LITERAL_NULL_CONVERSION = YES;
				CLANG_WARN_OBJC_IMPLICIT_RETAIN_SELF = YES;
				CLANG_WARN_OBJC_LITERAL_CONVERSION = YES;
				CLANG_WARN_OBJC_ROOT_CLASS = YES_ERROR;
				CLANG_WARN_RANGE_LOOP_ANALYSIS = YES;
				CLANG_WARN_STRICT_PROTOTYPES = YES;
				CLANG_WARN_SUSPICIOUS_MOVE = YES;
				CLANG_WARN_UNGUARDED_AVAILABILITY = YES_AGGRESSIVE;
				CLANG_WARN_UNREACHABLE_CODE = YES;
				CLANG_WARN__DUPLICATE_METHOD_MATCH = YES;
				CODE_SIGN_IDENTITY = "Mac Developer";
				COPY_PHASE_STRIP = NO;
				DEBUG_INFORMATION_FORMAT = dwarf;
				ENABLE_STRICT_OBJC_MSGSEND = YES;
				ENABLE_TESTABILITY = YES;
				GCC_C_LANGUAGE_STANDARD = gnu11;
				GCC_DYNAMIC_NO_PIC = NO;
				GCC_NO_COMMON_BLOCKS = YES;
				GCC_OPTIMIZATION_LEVEL = 0;
				GCC_PREPROCESSOR_DEFINITIONS = (
					"DEBUG=1",
					"$(inherited)",
				);
				GCC_WARN_64_TO_32_BIT_CONVERSION = YES;
				GCC_WARN_ABOUT_RETURN_TYPE = YES_ERROR;
				GCC_WARN_UNDECLARED_SELECTOR = YES;
				GCC_WARN_UNINITIALIZED_AUTOS = YES_AGGRESSIVE;
				GCC_WARN_UNUSED_FUNCTION = YES;
				GCC_WARN_UNUSED_VARIABLE = YES;
				INFOPLIST_FILE = "Misc Files/Info.plist";
				MACOSX_DEPLOYMENT_TARGET = 10.13;
				MTL_ENABLE_DEBUG_INFO = YES;
				ONLY_ACTIVE_ARCH = YES;
				SDKROOT = macosx;
			};
			name = Debug;
		};
		3B4625CB2108517700BD2468 /* Release */ = {
			isa = XCBuildConfiguration;
			buildSettings = {
				ALWAYS_SEARCH_USER_PATHS = NO;
				CLANG_ANALYZER_NONNULL = YES;
				CLANG_ANALYZER_NUMBER_OBJECT_CONVERSION = YES_AGGRESSIVE;
				CLANG_CXX_LANGUAGE_STANDARD = "gnu++14";
				CLANG_CXX_LIBRARY = "libc++";
				CLANG_ENABLE_MODULES = YES;
				CLANG_ENABLE_OBJC_ARC = YES;
				CLANG_ENABLE_OBJC_WEAK = YES;
				CLANG_WARN_BLOCK_CAPTURE_AUTORELEASING = YES;
				CLANG_WARN_BOOL_CONVERSION = YES;
				CLANG_WARN_COMMA = YES;
				CLANG_WARN_CONSTANT_CONVERSION = YES;
				CLANG_WARN_DEPRECATED_OBJC_IMPLEMENTATIONS = YES;
				CLANG_WARN_DIRECT_OBJC_ISA_USAGE = YES_ERROR;
				CLANG_WARN_DOCUMENTATION_COMMENTS = YES;
				CLANG_WARN_EMPTY_BODY = YES;
				CLANG_WARN_ENUM_CONVERSION = YES;
				CLANG_WARN_INFINITE_RECURSION = YES;
				CLANG_WARN_INT_CONVERSION = YES;
				CLANG_WARN_NON_LITERAL_NULL_CONVERSION = YES;
				CLANG_WARN_OBJC_IMPLICIT_RETAIN_SELF = YES;
				CLANG_WARN_OBJC_LITERAL_CONVERSION = YES;
				CLANG_WARN_OBJC_ROOT_CLASS = YES_ERROR;
				CLANG_WARN_RANGE_LOOP_ANALYSIS = YES;
				CLANG_WARN_STRICT_PROTOTYPES = YES;
				CLANG_WARN_SUSPICIOUS_MOVE = YES;
				CLANG_WARN_UNGUARDED_AVAILABILITY = YES_AGGRESSIVE;
				CLANG_WARN_UNREACHABLE_CODE = YES;
				CLANG_WARN__DUPLICATE_METHOD_MATCH = YES;
				CODE_SIGN_IDENTITY = "Mac Developer";
				COPY_PHASE_STRIP = NO;
				DEBUG_INFORMATION_FORMAT = "dwarf-with-dsym";
				ENABLE_NS_ASSERTIONS = NO;
				ENABLE_STRICT_OBJC_MSGSEND = YES;
				GCC_C_LANGUAGE_STANDARD = gnu11;
				GCC_NO_COMMON_BLOCKS = YES;
				GCC_WARN_64_TO_32_BIT_CONVERSION = YES;
				GCC_WARN_ABOUT_RETURN_TYPE = YES_ERROR;
				GCC_WARN_UNDECLARED_SELECTOR = YES;
				GCC_WARN_UNINITIALIZED_AUTOS = YES_AGGRESSIVE;
				GCC_WARN_UNUSED_FUNCTION = YES;
				GCC_WARN_UNUSED_VARIABLE = YES;
				INFOPLIST_FILE = "Misc Files/Info.plist";
				MACOSX_DEPLOYMENT_TARGET = 10.13;
				MTL_ENABLE_DEBUG_INFO = NO;
				SDKROOT = macosx;
			};
			name = Release;
		};
		3B4625CD2108517700BD2468 /* Debug */ = {
			isa = XCBuildConfiguration;
			buildSettings = {
				ASSETCATALOG_COMPILER_APPICON_NAME = AppIcon;
				CODE_SIGN_IDENTITY = "Apple Development";
				CODE_SIGN_STYLE = Automatic;
				COMBINE_HIDPI_IMAGES = YES;
				CURRENT_PROJECT_VERSION = 11;
				DEVELOPMENT_TEAM = Y5J3K52DNA;
				ENABLE_HARDENED_RUNTIME = YES;
				INFOPLIST_FILE = "Misc Files/Info.plist";
				LD_RUNPATH_SEARCH_PATHS = (
					"$(inherited)",
					"@executable_path/../Frameworks",
				);
				MACOSX_DEPLOYMENT_TARGET = 10.13;
				MARKETING_VERSION = 1.2.1;
				PRODUCT_BUNDLE_IDENTIFIER = com.bps.ASCII;
				PRODUCT_NAME = "$(TARGET_NAME)";
			};
			name = Debug;
		};
		3B4625CE2108517700BD2468 /* Release */ = {
			isa = XCBuildConfiguration;
			buildSettings = {
				ASSETCATALOG_COMPILER_APPICON_NAME = AppIcon;
				CODE_SIGN_IDENTITY = "Developer ID Application";
				CODE_SIGN_STYLE = Manual;
				COMBINE_HIDPI_IMAGES = YES;
				CURRENT_PROJECT_VERSION = 11;
				DEVELOPMENT_TEAM = Y5J3K52DNA;
				ENABLE_HARDENED_RUNTIME = YES;
				INFOPLIST_FILE = "Misc Files/Info.plist";
				LD_RUNPATH_SEARCH_PATHS = (
					"$(inherited)",
					"@executable_path/../Frameworks",
				);
				MACOSX_DEPLOYMENT_TARGET = 10.13;
				MARKETING_VERSION = 1.2.1;
				PRODUCT_BUNDLE_IDENTIFIER = com.bps.ASCII;
				PRODUCT_NAME = "$(TARGET_NAME)";
				PROVISIONING_PROFILE_SPECIFIER = "";
			};
			name = Release;
		};
/* End XCBuildConfiguration section */

/* Begin XCConfigurationList section */
		3B4625B62108517400BD2468 /* Build configuration list for PBXProject "ASCII" */ = {
			isa = XCConfigurationList;
			buildConfigurations = (
				3B4625CA2108517700BD2468 /* Debug */,
				3B4625CB2108517700BD2468 /* Release */,
			);
			defaultConfigurationIsVisible = 0;
			defaultConfigurationName = Release;
		};
		3B4625CC2108517700BD2468 /* Build configuration list for PBXNativeTarget "ASCII" */ = {
			isa = XCConfigurationList;
			buildConfigurations = (
				3B4625CD2108517700BD2468 /* Debug */,
				3B4625CE2108517700BD2468 /* Release */,
			);
			defaultConfigurationIsVisible = 0;
			defaultConfigurationName = Release;
		};
/* End XCConfigurationList section */
	};
	rootObject = 3B4625B32108517400BD2468 /* Project object */;
}
